
Microsoft Visual Studio Solution File, Format Version 12.00
# Visual Studio 15
VisualStudioVersion = 15.0.28307.168
MinimumVisualStudioVersion = 10.0.40219.1
Project("{FAE04EC0-301F-11D3-BF4B-00C04F79EFBC}") = "helper", "helper\helper.csproj", "{417B7D0F-C373-43BE-A97E-EB5614AD4D3E}"
EndProject
Global
	GlobalSection(SolutionConfigurationPlatforms) = preSolution
		Debug|Any CPU = Debug|Any CPU
		Release|Any CPU = Release|Any CPU
	EndGlobalSection
	GlobalSection(ProjectConfigurationPlatforms) = postSolution
		{417B7D0F-C373-43BE-A97E-EB5614AD4D3E}.Debug|Any CPU.ActiveCfg = Debug|Any CPU
		{417B7D0F-C373-43BE-A97E-EB5614AD4D3E}.Debug|Any CPU.Build.0 = Debug|Any CPU
		{417B7D0F-C373-43BE-A97E-EB5614AD4D3E}.Release|Any CPU.ActiveCfg = Release|Any CPU
		{417B7D0F-C373-43BE-A97E-EB5614AD4D3E}.Release|Any CPU.Build.0 = Release|Any CPU
	EndGlobalSection
	GlobalSection(SolutionProperties) = preSolution
		HideSolutionNode = FALSE
	EndGlobalSection
	GlobalSection(ExtensibilityGlobals) = postSolution
		SolutionGuid = {A059689F-7BBD-4EF0-B7BE-C64DC4EE51F0}
	EndGlobalSection
EndGlobal
